
Microsoft Visual Studio Solution File, Format Version 12.00
# Visual Studio Version 17
VisualStudioVersion = 17.0.31903.59
MinimumVisualStudioVersion = 10.0.40219.1
Project("{2150E333-8FDC-42A3-9474-1A3956D46DE8}") = "src", "src", "{9EBD7A61-D50C-4290-862A-D260B3A07F54}"
EndProject
Project("{2150E333-8FDC-42A3-9474-1A3956D46DE8}") = "Application", "Application", "{D1ACE6FB-C1EF-4D6F-9153-0CAE89FC5E49}"
EndProject
Project("{2150E333-8FDC-42A3-9474-1A3956D46DE8}") = "Domain", "Domain", "{D7779FF5-AECC-4E0B-903E-850D78CB1E4A}"
EndProject
Project("{2150E333-8FDC-42A3-9474-1A3956D46DE8}") = "Infrastructure", "Infrastructure", "{626461EB-767E-4361-A498-CDFAF46BCC77}"
EndProject
Project("{2150E333-8FDC-42A3-9474-1A3956D46DE8}") = "EntryPoints", "EntryPoints", "{2E1C910E-DE9B-455F-8851-D7F28D760659}"
EndProject
Project("{2150E333-8FDC-42A3-9474-1A3956D46DE8}") = "DrivenAdapters", "DrivenAdapters", "{5856793C-149A-432B-8DD3-07A769727990}"
EndProject
Project("{FAE04EC0-301F-11D3-BF4B-00C04F79EFBC}") = "Domain.UseCase", "src\Domain\Domain.UseCase\Domain.UseCase.csproj", "{1986ADA3-49C3-4899-89AA-3E58423E6B77}"
EndProject
Project("{FAE04EC0-301F-11D3-BF4B-00C04F79EFBC}") = "Domain.Model", "src\Domain\Domain.Model\Domain.Model.csproj", "{28137C18-947E-4952-9F99-88D8A5D4EEF1}"
EndProject
Project("{FAE04EC0-301F-11D3-BF4B-00C04F79EFBC}") = "DrivenAdapter.Sql", "src\Infrastructure\DrivenAdapters\DrivenAdapter.Sql\DrivenAdapter.Sql.csproj", "{0478D40B-A18A-4AFA-A57F-CFBDCECF783B}"
EndProject
Project("{FAE04EC0-301F-11D3-BF4B-00C04F79EFBC}") = "EntryPoint.Web", "src\Infrastructure\EntryPoints\EntryPoint.Web\EntryPoint.Web.csproj", "{B58C0EE6-D11F-4B3E-B074-5E84552A4460}"
EndProject
Project("{2150E333-8FDC-42A3-9474-1A3956D46DE8}") = "Commons", "Commons", "{523DE952-5744-423D-959A-7E8378A92AA2}"
EndProject
Project("{FAE04EC0-301F-11D3-BF4B-00C04F79EFBC}") = "Commons.Mapper", "src\commons\Commons.Utils\Commons.Mapper.csproj", "{9715DD3A-7E0A-4B0F-959A-C4DC08FD56BF}"
EndProject
Project("{FAE04EC0-301F-11D3-BF4B-00C04F79EFBC}") = "Applicatio.Host", "src\Application\Applicatio.Host\Applicatio.Host.csproj", "{9C16F087-ABC2-4329-9B9A-F9C91F8C90E2}"
EndProject
Global
	GlobalSection(SolutionConfigurationPlatforms) = preSolution
		Debug|Any CPU = Debug|Any CPU
		Release|Any CPU = Release|Any CPU
	EndGlobalSection
	GlobalSection(ProjectConfigurationPlatforms) = postSolution
		{1986ADA3-49C3-4899-89AA-3E58423E6B77}.Debug|Any CPU.ActiveCfg = Debug|Any CPU
		{1986ADA3-49C3-4899-89AA-3E58423E6B77}.Debug|Any CPU.Build.0 = Debug|Any CPU
		{1986ADA3-49C3-4899-89AA-3E58423E6B77}.Release|Any CPU.ActiveCfg = Release|Any CPU
		{1986ADA3-49C3-4899-89AA-3E58423E6B77}.Release|Any CPU.Build.0 = Release|Any CPU
		{28137C18-947E-4952-9F99-88D8A5D4EEF1}.Debug|Any CPU.ActiveCfg = Debug|Any CPU
		{28137C18-947E-4952-9F99-88D8A5D4EEF1}.Debug|Any CPU.Build.0 = Debug|Any CPU
		{28137C18-947E-4952-9F99-88D8A5D4EEF1}.Release|Any CPU.ActiveCfg = Release|Any CPU
		{28137C18-947E-4952-9F99-88D8A5D4EEF1}.Release|Any CPU.Build.0 = Release|Any CPU
		{0478D40B-A18A-4AFA-A57F-CFBDCECF783B}.Debug|Any CPU.ActiveCfg = Debug|Any CPU
		{0478D40B-A18A-4AFA-A57F-CFBDCECF783B}.Debug|Any CPU.Build.0 = Debug|Any CPU
		{0478D40B-A18A-4AFA-A57F-CFBDCECF783B}.Release|Any CPU.ActiveCfg = Release|Any CPU
		{0478D40B-A18A-4AFA-A57F-CFBDCECF783B}.Release|Any CPU.Build.0 = Release|Any CPU
		{B58C0EE6-D11F-4B3E-B074-5E84552A4460}.Debug|Any CPU.ActiveCfg = Debug|Any CPU
		{B58C0EE6-D11F-4B3E-B074-5E84552A4460}.Debug|Any CPU.Build.0 = Debug|Any CPU
		{B58C0EE6-D11F-4B3E-B074-5E84552A4460}.Release|Any CPU.ActiveCfg = Release|Any CPU
		{B58C0EE6-D11F-4B3E-B074-5E84552A4460}.Release|Any CPU.Build.0 = Release|Any CPU
		{9715DD3A-7E0A-4B0F-959A-C4DC08FD56BF}.Debug|Any CPU.ActiveCfg = Debug|Any CPU
		{9715DD3A-7E0A-4B0F-959A-C4DC08FD56BF}.Debug|Any CPU.Build.0 = Debug|Any CPU
		{9715DD3A-7E0A-4B0F-959A-C4DC08FD56BF}.Release|Any CPU.ActiveCfg = Release|Any CPU
		{9715DD3A-7E0A-4B0F-959A-C4DC08FD56BF}.Release|Any CPU.Build.0 = Release|Any CPU
		{9C16F087-ABC2-4329-9B9A-F9C91F8C90E2}.Debug|Any CPU.ActiveCfg = Debug|Any CPU
		{9C16F087-ABC2-4329-9B9A-F9C91F8C90E2}.Debug|Any CPU.Build.0 = Debug|Any CPU
		{9C16F087-ABC2-4329-9B9A-F9C91F8C90E2}.Release|Any CPU.ActiveCfg = Release|Any CPU
		{9C16F087-ABC2-4329-9B9A-F9C91F8C90E2}.Release|Any CPU.Build.0 = Release|Any CPU
	EndGlobalSection
	GlobalSection(SolutionProperties) = preSolution
		HideSolutionNode = FALSE
	EndGlobalSection
	GlobalSection(NestedProjects) = preSolution
		{D1ACE6FB-C1EF-4D6F-9153-0CAE89FC5E49} = {9EBD7A61-D50C-4290-862A-D260B3A07F54}
		{D7779FF5-AECC-4E0B-903E-850D78CB1E4A} = {9EBD7A61-D50C-4290-862A-D260B3A07F54}
		{626461EB-767E-4361-A498-CDFAF46BCC77} = {9EBD7A61-D50C-4290-862A-D260B3A07F54}
		{2E1C910E-DE9B-455F-8851-D7F28D760659} = {626461EB-767E-4361-A498-CDFAF46BCC77}
		{5856793C-149A-432B-8DD3-07A769727990} = {626461EB-767E-4361-A498-CDFAF46BCC77}
		{1986ADA3-49C3-4899-89AA-3E58423E6B77} = {D7779FF5-AECC-4E0B-903E-850D78CB1E4A}
		{28137C18-947E-4952-9F99-88D8A5D4EEF1} = {D7779FF5-AECC-4E0B-903E-850D78CB1E4A}
		{0478D40B-A18A-4AFA-A57F-CFBDCECF783B} = {5856793C-149A-432B-8DD3-07A769727990}
		{B58C0EE6-D11F-4B3E-B074-5E84552A4460} = {2E1C910E-DE9B-455F-8851-D7F28D760659}
		{523DE952-5744-423D-959A-7E8378A92AA2} = {9EBD7A61-D50C-4290-862A-D260B3A07F54}
		{9715DD3A-7E0A-4B0F-959A-C4DC08FD56BF} = {523DE952-5744-423D-959A-7E8378A92AA2}
		{9C16F087-ABC2-4329-9B9A-F9C91F8C90E2} = {D1ACE6FB-C1EF-4D6F-9153-0CAE89FC5E49}
	EndGlobalSection
	GlobalSection(ExtensibilityGlobals) = postSolution
		SolutionGuid = {F4D46B5B-D145-43AE-9C9C-18D09496C643}
	EndGlobalSection
EndGlobal
